
Microsoft Visual Studio Solution File, Format Version 12.00
# Visual Studio Version 17
VisualStudioVersion = 17.0.31903.59
MinimumVisualStudioVersion = 10.0.40219.1
Project("{FAE04EC0-301F-11D3-BF4B-00C04F79EFBC}") = "DevKit", "DevKit\DevKit.csproj", "{A1B2C3D4-E5F6-7890-ABCD-EF1234567890}"
EndProject
Project("{FAE04EC0-301F-11D3-BF4B-00C04F79EFBC}") = "DevKit.Loader", "DevKit.Loader\DevKit.Loader.csproj", "{0EC58961-1DA2-495C-9BE6-269770AF1D61}"
EndProject
Global
	GlobalSection(SolutionConfigurationPlatforms) = preSolution
		Debug|Any CPU = Debug|Any CPU
		Debug|x64 = Debug|x64
		Debug|x86 = Debug|x86
		Release|Any CPU = Release|Any CPU
		Release|x64 = Release|x64
		Release|x86 = Release|x86
		REVIT2022|Any CPU = REVIT2022|Any CPU
		REVIT2022|x64 = REVIT2022|x64
		REVIT2022|x86 = REVIT2022|x86
		REVIT2023|Any CPU = REVIT2023|Any CPU
		REVIT2023|x64 = REVIT2023|x64
		REVIT2023|x86 = REVIT2023|x86
		REVIT2024|Any CPU = REVIT2024|Any CPU
		REVIT2024|x64 = REVIT2024|x64
		REVIT2024|x86 = REVIT2024|x86
		REVIT2025|Any CPU = REVIT2025|Any CPU
		REVIT2025|x64 = REVIT2025|x64
		REVIT2025|x86 = REVIT2025|x86
		REVIT2026|Any CPU = REVIT2026|Any CPU
		REVIT2026|x64 = REVIT2026|x64
		REVIT2026|x86 = REVIT2026|x86
	EndGlobalSection
	GlobalSection(ProjectConfigurationPlatforms) = postSolution
		{A1B2C3D4-E5F6-7890-ABCD-EF1234567890}.Debug|Any CPU.ActiveCfg = Debug|Any CPU
		{A1B2C3D4-E5F6-7890-ABCD-EF1234567890}.Debug|Any CPU.Build.0 = Debug|Any CPU
		{A1B2C3D4-E5F6-7890-ABCD-EF1234567890}.Debug|x64.ActiveCfg = Debug|Any CPU
		{A1B2C3D4-E5F6-7890-ABCD-EF1234567890}.Debug|x64.Build.0 = Debug|Any CPU
		{A1B2C3D4-E5F6-7890-ABCD-EF1234567890}.Debug|x86.ActiveCfg = Debug|Any CPU
		{A1B2C3D4-E5F6-7890-ABCD-EF1234567890}.Debug|x86.Build.0 = Debug|Any CPU
		{A1B2C3D4-E5F6-7890-ABCD-EF1234567890}.Release|Any CPU.ActiveCfg = Release|Any CPU
		{A1B2C3D4-E5F6-7890-ABCD-EF1234567890}.Release|Any CPU.Build.0 = Release|Any CPU
		{A1B2C3D4-E5F6-7890-ABCD-EF1234567890}.Release|x64.ActiveCfg = Release|Any CPU
		{A1B2C3D4-E5F6-7890-ABCD-EF1234567890}.Release|x64.Build.0 = Release|Any CPU
		{A1B2C3D4-E5F6-7890-ABCD-EF1234567890}.Release|x86.ActiveCfg = Release|Any CPU
		{A1B2C3D4-E5F6-7890-ABCD-EF1234567890}.Release|x86.Build.0 = Release|Any CPU
		{A1B2C3D4-E5F6-7890-ABCD-EF1234567890}.REVIT2022|Any CPU.ActiveCfg = REVIT2022|Any CPU
		{A1B2C3D4-E5F6-7890-ABCD-EF1234567890}.REVIT2022|Any CPU.Build.0 = REVIT2022|Any CPU
		{A1B2C3D4-E5F6-7890-ABCD-EF1234567890}.REVIT2022|x64.ActiveCfg = REVIT2022|Any CPU
		{A1B2C3D4-E5F6-7890-ABCD-EF1234567890}.REVIT2022|x64.Build.0 = REVIT2022|Any CPU
		{A1B2C3D4-E5F6-7890-ABCD-EF1234567890}.REVIT2022|x86.ActiveCfg = REVIT2022|Any CPU
		{A1B2C3D4-E5F6-7890-ABCD-EF1234567890}.REVIT2022|x86.Build.0 = REVIT2022|Any CPU
		{A1B2C3D4-E5F6-7890-ABCD-EF1234567890}.REVIT2023|Any CPU.ActiveCfg = REVIT2023|Any CPU
		{A1B2C3D4-E5F6-7890-ABCD-EF1234567890}.REVIT2023|Any CPU.Build.0 = REVIT2023|Any CPU
		{A1B2C3D4-E5F6-7890-ABCD-EF1234567890}.REVIT2023|x64.ActiveCfg = REVIT2023|Any CPU
		{A1B2C3D4-E5F6-7890-ABCD-EF1234567890}.REVIT2023|x64.Build.0 = REVIT2023|Any CPU
		{A1B2C3D4-E5F6-7890-ABCD-EF1234567890}.REVIT2023|x86.ActiveCfg = REVIT2023|Any CPU
		{A1B2C3D4-E5F6-7890-ABCD-EF1234567890}.REVIT2023|x86.Build.0 = REVIT2023|Any CPU
		{A1B2C3D4-E5F6-7890-ABCD-EF1234567890}.REVIT2024|Any CPU.ActiveCfg = REVIT2024|Any CPU
		{A1B2C3D4-E5F6-7890-ABCD-EF1234567890}.REVIT2024|Any CPU.Build.0 = REVIT2024|Any CPU
		{A1B2C3D4-E5F6-7890-ABCD-EF1234567890}.REVIT2024|x64.ActiveCfg = REVIT2024|Any CPU
		{A1B2C3D4-E5F6-7890-ABCD-EF1234567890}.REVIT2024|x64.Build.0 = REVIT2024|Any CPU
		{A1B2C3D4-E5F6-7890-ABCD-EF1234567890}.REVIT2024|x86.ActiveCfg = REVIT2024|Any CPU
		{A1B2C3D4-E5F6-7890-ABCD-EF1234567890}.REVIT2024|x86.Build.0 = REVIT2024|Any CPU
		{A1B2C3D4-E5F6-7890-ABCD-EF1234567890}.REVIT2025|Any CPU.ActiveCfg = REVIT2025|Any CPU
		{A1B2C3D4-E5F6-7890-ABCD-EF1234567890}.REVIT2025|Any CPU.Build.0 = REVIT2025|Any CPU
		{A1B2C3D4-E5F6-7890-ABCD-EF1234567890}.REVIT2025|x64.ActiveCfg = REVIT2025|Any CPU
		{A1B2C3D4-E5F6-7890-ABCD-EF1234567890}.REVIT2025|x64.Build.0 = REVIT2025|Any CPU
		{A1B2C3D4-E5F6-7890-ABCD-EF1234567890}.REVIT2025|x86.ActiveCfg = REVIT2025|Any CPU
		{A1B2C3D4-E5F6-7890-ABCD-EF1234567890}.REVIT2025|x86.Build.0 = REVIT2025|Any CPU
		{A1B2C3D4-E5F6-7890-ABCD-EF1234567890}.REVIT2026|Any CPU.ActiveCfg = REVIT2026|Any CPU
		{A1B2C3D4-E5F6-7890-ABCD-EF1234567890}.REVIT2026|Any CPU.Build.0 = REVIT2026|Any CPU
		{A1B2C3D4-E5F6-7890-ABCD-EF1234567890}.REVIT2026|x64.ActiveCfg = REVIT2026|Any CPU
		{A1B2C3D4-E5F6-7890-ABCD-EF1234567890}.REVIT2026|x64.Build.0 = REVIT2026|Any CPU
		{A1B2C3D4-E5F6-7890-ABCD-EF1234567890}.REVIT2026|x86.ActiveCfg = REVIT2026|Any CPU
		{A1B2C3D4-E5F6-7890-ABCD-EF1234567890}.REVIT2026|x86.Build.0 = REVIT2026|Any CPU
		{0EC58961-1DA2-495C-9BE6-269770AF1D61}.Debug|Any CPU.ActiveCfg = Debug|Any CPU
		{0EC58961-1DA2-495C-9BE6-269770AF1D61}.Debug|Any CPU.Build.0 = Debug|Any CPU
		{0EC58961-1DA2-495C-9BE6-269770AF1D61}.Debug|x64.ActiveCfg = Debug|Any CPU
		{0EC58961-1DA2-495C-9BE6-269770AF1D61}.Debug|x64.Build.0 = Debug|Any CPU
		{0EC58961-1DA2-495C-9BE6-269770AF1D61}.Debug|x86.ActiveCfg = Debug|Any CPU
		{0EC58961-1DA2-495C-9BE6-269770AF1D61}.Debug|x86.Build.0 = Debug|Any CPU
		{0EC58961-1DA2-495C-9BE6-269770AF1D61}.Release|Any CPU.ActiveCfg = Release|Any CPU
		{0EC58961-1DA2-495C-9BE6-269770AF1D61}.Release|Any CPU.Build.0 = Release|Any CPU
		{0EC58961-1DA2-495C-9BE6-269770AF1D61}.Release|x64.ActiveCfg = Release|Any CPU
		{0EC58961-1DA2-495C-9BE6-269770AF1D61}.Release|x64.Build.0 = Release|Any CPU
		{0EC58961-1DA2-495C-9BE6-269770AF1D61}.Release|x86.ActiveCfg = Release|Any CPU
		{0EC58961-1DA2-495C-9BE6-269770AF1D61}.Release|x86.Build.0 = Release|Any CPU
		{0EC58961-1DA2-495C-9BE6-269770AF1D61}.REVIT2022|Any CPU.ActiveCfg = REVIT2022|Any CPU
		{0EC58961-1DA2-495C-9BE6-269770AF1D61}.REVIT2022|Any CPU.Build.0 = REVIT2022|Any CPU
		{0EC58961-1DA2-495C-9BE6-269770AF1D61}.REVIT2022|x64.ActiveCfg = REVIT2022|Any CPU
		{0EC58961-1DA2-495C-9BE6-269770AF1D61}.REVIT2022|x64.Build.0 = REVIT2022|Any CPU
		{0EC58961-1DA2-495C-9BE6-269770AF1D61}.REVIT2022|x86.ActiveCfg = REVIT2022|Any CPU
		{0EC58961-1DA2-495C-9BE6-269770AF1D61}.REVIT2022|x86.Build.0 = REVIT2022|Any CPU
		{0EC58961-1DA2-495C-9BE6-269770AF1D61}.REVIT2023|Any CPU.ActiveCfg = REVIT2023|Any CPU
		{0EC58961-1DA2-495C-9BE6-269770AF1D61}.REVIT2023|Any CPU.Build.0 = REVIT2023|Any CPU
		{0EC58961-1DA2-495C-9BE6-269770AF1D61}.REVIT2023|x64.ActiveCfg = REVIT2023|Any CPU
		{0EC58961-1DA2-495C-9BE6-269770AF1D61}.REVIT2023|x64.Build.0 = REVIT2023|Any CPU
		{0EC58961-1DA2-495C-9BE6-269770AF1D61}.REVIT2023|x86.ActiveCfg = REVIT2023|Any CPU
		{0EC58961-1DA2-495C-9BE6-269770AF1D61}.REVIT2023|x86.Build.0 = REVIT2023|Any CPU
		{0EC58961-1DA2-495C-9BE6-269770AF1D61}.REVIT2024|Any CPU.ActiveCfg = REVIT2024|Any CPU
		{0EC58961-1DA2-495C-9BE6-269770AF1D61}.REVIT2024|Any CPU.Build.0 = REVIT2024|Any CPU
		{0EC58961-1DA2-495C-9BE6-269770AF1D61}.REVIT2024|x64.ActiveCfg = REVIT2024|Any CPU
		{0EC58961-1DA2-495C-9BE6-269770AF1D61}.REVIT2024|x64.Build.0 = REVIT2024|Any CPU
		{0EC58961-1DA2-495C-9BE6-269770AF1D61}.REVIT2024|x86.ActiveCfg = REVIT2024|Any CPU
		{0EC58961-1DA2-495C-9BE6-269770AF1D61}.REVIT2024|x86.Build.0 = REVIT2024|Any CPU
		{0EC58961-1DA2-495C-9BE6-269770AF1D61}.REVIT2025|Any CPU.ActiveCfg = REVIT2025|Any CPU
		{0EC58961-1DA2-495C-9BE6-269770AF1D61}.REVIT2025|Any CPU.Build.0 = REVIT2025|Any CPU
		{0EC58961-1DA2-495C-9BE6-269770AF1D61}.REVIT2025|x64.ActiveCfg = REVIT2025|Any CPU
		{0EC58961-1DA2-495C-9BE6-269770AF1D61}.REVIT2025|x64.Build.0 = REVIT2025|Any CPU
		{0EC58961-1DA2-495C-9BE6-269770AF1D61}.REVIT2025|x86.ActiveCfg = REVIT2025|Any CPU
		{0EC58961-1DA2-495C-9BE6-269770AF1D61}.REVIT2025|x86.Build.0 = REVIT2025|Any CPU
		{0EC58961-1DA2-495C-9BE6-269770AF1D61}.REVIT2026|Any CPU.ActiveCfg = REVIT2026|Any CPU
		{0EC58961-1DA2-495C-9BE6-269770AF1D61}.REVIT2026|Any CPU.Build.0 = REVIT2026|Any CPU
		{0EC58961-1DA2-495C-9BE6-269770AF1D61}.REVIT2026|x64.ActiveCfg = REVIT2026|Any CPU
		{0EC58961-1DA2-495C-9BE6-269770AF1D61}.REVIT2026|x64.Build.0 = REVIT2026|Any CPU
		{0EC58961-1DA2-495C-9BE6-269770AF1D61}.REVIT2026|x86.ActiveCfg = REVIT2026|Any CPU
		{0EC58961-1DA2-495C-9BE6-269770AF1D61}.REVIT2026|x86.Build.0 = REVIT2026|Any CPU
	EndGlobalSection
	GlobalSection(SolutionProperties) = preSolution
		HideSolutionNode = FALSE
	EndGlobalSection
EndGlobal
